
Microsoft Visual Studio Solution File, Format Version 12.00
# Visual Studio Version 17
VisualStudioVersion = 17.14.36804.6 d17.14
MinimumVisualStudioVersion = 10.0.40219.1
Project("{FAE04EC0-301F-11D3-BF4B-00C04F79EFBC}") = "Taskss", "Taskss.csproj", "{A493109E-8F94-4621-8473-8D6345C26F75}"
EndProject
Global
	GlobalSection(SolutionConfigurationPlatforms) = preSolution
		Debug|Any CPU = Debug|Any CPU
		Release|Any CPU = Release|Any CPU
	EndGlobalSection
	GlobalSection(ProjectConfigurationPlatforms) = postSolution
		{A493109E-8F94-4621-8473-8D6345C26F75}.Debug|Any CPU.ActiveCfg = Debug|Any CPU
		{A493109E-8F94-4621-8473-8D6345C26F75}.Debug|Any CPU.Build.0 = Debug|Any CPU
		{A493109E-8F94-4621-8473-8D6345C26F75}.Release|Any CPU.ActiveCfg = Release|Any CPU
		{A493109E-8F94-4621-8473-8D6345C26F75}.Release|Any CPU.Build.0 = Release|Any CPU
	EndGlobalSection
	GlobalSection(SolutionProperties) = preSolution
		HideSolutionNode = FALSE
	EndGlobalSection
	GlobalSection(ExtensibilityGlobals) = postSolution
		SolutionGuid = {A3928C28-E5E8-4DE5-87D5-7D10533E24B8}
	EndGlobalSection
EndGlobal
